
Microsoft Visual Studio Solution File, Format Version 12.00
# Visual Studio Version 16
VisualStudioVersion = 16.0.31515.178
MinimumVisualStudioVersion = 10.0.40219.1
Project("{FAE04EC0-301F-11D3-BF4B-00C04F79EFBC}") = "TheLawsOfFreach", "TheLawsOfFreach\TheLawsOfFreach.csproj", "{4BBDF151-EF40-4DA7-911E-655C607E2CFF}"
EndProject
Global
	GlobalSection(SolutionConfigurationPlatforms) = preSolution
		Debug|Any CPU = Debug|Any CPU
		Release|Any CPU = Release|Any CPU
	EndGlobalSection
	GlobalSection(ProjectConfigurationPlatforms) = postSolution
		{4BBDF151-EF40-4DA7-911E-655C607E2CFF}.Debug|Any CPU.ActiveCfg = Debug|Any CPU
		{4BBDF151-EF40-4DA7-911E-655C607E2CFF}.Debug|Any CPU.Build.0 = Debug|Any CPU
		{4BBDF151-EF40-4DA7-911E-655C607E2CFF}.Release|Any CPU.ActiveCfg = Release|Any CPU
		{4BBDF151-EF40-4DA7-911E-655C607E2CFF}.Release|Any CPU.Build.0 = Release|Any CPU
	EndGlobalSection
	GlobalSection(SolutionProperties) = preSolution
		HideSolutionNode = FALSE
	EndGlobalSection
	GlobalSection(ExtensibilityGlobals) = postSolution
		SolutionGuid = {FC56E1F2-08C7-4DF4-8EA5-769507B1EF0F}
	EndGlobalSection
EndGlobal
