
Microsoft Visual Studio Solution File, Format Version 12.00
# Visual Studio Version 16
VisualStudioVersion = 16.0.31515.178
MinimumVisualStudioVersion = 10.0.40219.1
Project("{FAE04EC0-301F-11D3-BF4B-00C04F79EFBC}") = "TheDominionOfKings", "TheDominionOfKings\TheDominionOfKings.csproj", "{74394D9E-79EC-4CDC-8320-2F75C902BD42}"
EndProject
Global
	GlobalSection(SolutionConfigurationPlatforms) = preSolution
		Debug|Any CPU = Debug|Any CPU
		Release|Any CPU = Release|Any CPU
	EndGlobalSection
	GlobalSection(ProjectConfigurationPlatforms) = postSolution
		{74394D9E-79EC-4CDC-8320-2F75C902BD42}.Debug|Any CPU.ActiveCfg = Debug|Any CPU
		{74394D9E-79EC-4CDC-8320-2F75C902BD42}.Debug|Any CPU.Build.0 = Debug|Any CPU
		{74394D9E-79EC-4CDC-8320-2F75C902BD42}.Release|Any CPU.ActiveCfg = Release|Any CPU
		{74394D9E-79EC-4CDC-8320-2F75C902BD42}.Release|Any CPU.Build.0 = Release|Any CPU
	EndGlobalSection
	GlobalSection(SolutionProperties) = preSolution
		HideSolutionNode = FALSE
	EndGlobalSection
	GlobalSection(ExtensibilityGlobals) = postSolution
		SolutionGuid = {FA7A1DE0-4050-4D79-B105-8B57FBCDEFBD}
	EndGlobalSection
EndGlobal
